// !$*UTF8*$!
{
	archiveVersion = 1;
	classes = {
	};
	objectVersion = 50;
	objects = {

/* Begin PBXBuildFile section */
		427A3AEA20A92D0D0019D70A /* FullScreenTransiontAnimator.m in Sources */ = {isa = PBXBuildFile; fileRef = 427A3AE920A92D0D0019D70A /* FullScreenTransiontAnimator.m */; };
		42A5D16C20A56CCE00566691 /* AppDelegate.m in Sources */ = {isa = PBXBuildFile; fileRef = 42A5D16B20A56CCE00566691 /* AppDelegate.m */; };
		42A5D16F20A56CCE00566691 /* ViewController.m in Sources */ = {isa = PBXBuildFile; fileRef = 42A5D16E20A56CCE00566691 /* ViewController.m */; };
		42A5D17220A56CCE00566691 /* Main.storyboard in Resources */ = {isa = PBXBuildFile; fileRef = 42A5D17020A56CCE00566691 /* Main.storyboard */; };
		42A5D17420A56CEA00566691 /* Assets.xcassets in Resources */ = {isa = PBXBuildFile; fileRef = 42A5D17320A56CEA00566691 /* Assets.xcassets */; };
		42A5D17720A56CEA00566691 /* LaunchScreen.storyboard in Resources */ = {isa = PBXBuildFile; fileRef = 42A5D17520A56CEA00566691 /* LaunchScreen.storyboard */; };
		42A5D17A20A56CEA00566691 /* main.m in Sources */ = {isa = PBXBuildFile; fileRef = 42A5D17920A56CEA00566691 /* main.m */; };
		42A5D18320A56D7200566691 /* MyTableViewCell.m in Sources */ = {isa = PBXBuildFile; fileRef = 42A5D18120A56D7200566691 /* MyTableViewCell.m */; };
		42A5D18420A56D7200566691 /* MyTableViewCell.xib in Resources */ = {isa = PBXBuildFile; fileRef = 42A5D18220A56D7200566691 /* MyTableViewCell.xib */; };
		42A5D18820A56E9B00566691 /* SecondViewController.m in Sources */ = {isa = PBXBuildFile; fileRef = 42A5D18620A56E9B00566691 /* SecondViewController.m */; };
		42A5D18920A56E9B00566691 /* SecondViewController.xib in Resources */ = {isa = PBXBuildFile; fileRef = 42A5D18720A56E9B00566691 /* SecondViewController.xib */; };
/* End PBXBuildFile section */

/* Begin PBXFileReference section */
		427A3AE820A92D0D0019D70A /* FullScreenTransiontAnimator.h */ = {isa = PBXFileReference; lastKnownFileType = sourcecode.c.h; path = FullScreenTransiontAnimator.h; sourceTree = "<group>"; };
		427A3AE920A92D0D0019D70A /* FullScreenTransiontAnimator.m */ = {isa = PBXFileReference; lastKnownFileType = sourcecode.c.objc; path = FullScreenTransiontAnimator.m; sourceTree = "<group>"; };
		42A5D16720A56CCE00566691 /* TestAnimal.app */ = {isa = PBXFileReference; explicitFileType = wrapper.application; includeInIndex = 0; path = TestAnimal.app; sourceTree = BUILT_PRODUCTS_DIR; };
		42A5D16A20A56CCE00566691 /* AppDelegate.h */ = {isa = PBXFileReference; lastKnownFileType = sourcecode.c.h; path = AppDelegate.h; sourceTree = "<group>"; };
		42A5D16B20A56CCE00566691 /* AppDelegate.m */ = {isa = PBXFileReference; lastKnownFileType = sourcecode.c.objc; path = AppDelegate.m; sourceTree = "<group>"; };
		42A5D16D20A56CCE00566691 /* ViewController.h */ = {isa = PBXFileReference; lastKnownFileType = sourcecode.c.h; path = ViewController.h; sourceTree = "<group>"; };
		42A5D16E20A56CCE00566691 /* ViewController.m */ = {isa = PBXFileReference; lastKnownFileType = sourcecode.c.objc; path = ViewController.m; sourceTree = "<group>"; };
		42A5D17120A56CCE00566691 /* Base */ = {isa = PBXFileReference; lastKnownFileType = file.storyboard; name = Base; path = Base.lproj/Main.storyboard; sourceTree = "<group>"; };
		42A5D17320A56CEA00566691 /* Assets.xcassets */ = {isa = PBXFileReference; lastKnownFileType = folder.assetcatalog; path = Assets.xcassets; sourceTree = "<group>"; };
		42A5D17620A56CEA00566691 /* Base */ = {isa = PBXFileReference; lastKnownFileType = file.storyboard; name = Base; path = Base.lproj/LaunchScreen.storyboard; sourceTree = "<group>"; };
		42A5D17820A56CEA00566691 /* Info.plist */ = {isa = PBXFileReference; lastKnownFileType = text.plist.xml; path = Info.plist; sourceTree = "<group>"; };
		42A5D17920A56CEA00566691 /* main.m */ = {isa = PBXFileReference; lastKnownFileType = sourcecode.c.objc; path = main.m; sourceTree = "<group>"; };
		42A5D18020A56D7200566691 /* MyTableViewCell.h */ = {isa = PBXFileReference; lastKnownFileType = sourcecode.c.h; path = MyTableViewCell.h; sourceTree = "<group>"; };
		42A5D18120A56D7200566691 /* MyTableViewCell.m */ = {isa = PBXFileReference; lastKnownFileType = sourcecode.c.objc; path = MyTableViewCell.m; sourceTree = "<group>"; };
		42A5D18220A56D7200566691 /* MyTableViewCell.xib */ = {isa = PBXFileReference; lastKnownFileType = file.xib; path = MyTableViewCell.xib; sourceTree = "<group>"; };
		42A5D18520A56E9B00566691 /* SecondViewController.h */ = {isa = PBXFileReference; lastKnownFileType = sourcecode.c.h; path = SecondViewController.h; sourceTree = "<group>"; };
		42A5D18620A56E9B00566691 /* SecondViewController.m */ = {isa = PBXFileReference; lastKnownFileType = sourcecode.c.objc; path = SecondViewController.m; sourceTree = "<group>"; };
		42A5D18720A56E9B00566691 /* SecondViewController.xib */ = {isa = PBXFileReference; lastKnownFileType = file.xib; path = SecondViewController.xib; sourceTree = "<group>"; };
/* End PBXFileReference section */

/* Begin PBXFrameworksBuildPhase section */
		42A5D16420A56CCE00566691 /* Frameworks */ = {
			isa = PBXFrameworksBuildPhase;
			buildActionMask = 2147483647;
			files = (
			);
			runOnlyForDeploymentPostprocessing = 0;
		};
/* End PBXFrameworksBuildPhase section */

/* Begin PBXGroup section */
		42A5D15E20A56CCE00566691 = {
			isa = PBXGroup;
			children = (
				42A5D16920A56CCE00566691 /* TestAnimal */,
				42A5D16820A56CCE00566691 /* Products */,
			);
			sourceTree = "<group>";
		};
		42A5D16820A56CCE00566691 /* Products */ = {
			isa = PBXGroup;
			children = (
				42A5D16720A56CCE00566691 /* TestAnimal.app */,
			);
			name = Products;
			sourceTree = "<group>";
		};
		42A5D16920A56CCE00566691 /* TestAnimal */ = {
			isa = PBXGroup;
			children = (
				427A3AE820A92D0D0019D70A /* FullScreenTransiontAnimator.h */,
				427A3AE920A92D0D0019D70A /* FullScreenTransiontAnimator.m */,
				42A5D16A20A56CCE00566691 /* AppDelegate.h */,
				42A5D16B20A56CCE00566691 /* AppDelegate.m */,
				42A5D16D20A56CCE00566691 /* ViewController.h */,
				42A5D16E20A56CCE00566691 /* ViewController.m */,
				42A5D17020A56CCE00566691 /* Main.storyboard */,
				42A5D18520A56E9B00566691 /* SecondViewController.h */,
				42A5D18620A56E9B00566691 /* SecondViewController.m */,
				42A5D18720A56E9B00566691 /* SecondViewController.xib */,
				42A5D18020A56D7200566691 /* MyTableViewCell.h */,
				42A5D18120A56D7200566691 /* MyTableViewCell.m */,
				42A5D18220A56D7200566691 /* MyTableViewCell.xib */,
				42A5D17320A56CEA00566691 /* Assets.xcassets */,
				42A5D17520A56CEA00566691 /* LaunchScreen.storyboard */,
				42A5D17820A56CEA00566691 /* Info.plist */,
				42A5D17920A56CEA00566691 /* main.m */,
			);
			path = TestAnimal;
			sourceTree = "<group>";
		};
/* End PBXGroup section */

/* Begin PBXNativeTarget section */
		42A5D16620A56CCE00566691 /* TestAnimal */ = {
			isa = PBXNativeTarget;
			buildConfigurationList = 42A5D17D20A56CEA00566691 /* Build configuration list for PBXNativeTarget "TestAnimal" */;
			buildPhases = (
				42A5D16320A56CCE00566691 /* Sources */,
				42A5D16420A56CCE00566691 /* Frameworks */,
				42A5D16520A56CCE00566691 /* Resources */,
			);
			buildRules = (
			);
			dependencies = (
			);
			name = TestAnimal;
			productName = TestAnimal;
			productReference = 42A5D16720A56CCE00566691 /* TestAnimal.app */;
			productType = "com.apple.product-type.application";
		};
/* End PBXNativeTarget section */

/* Begin PBXProject section */
		42A5D15F20A56CCE00566691 /* Project object */ = {
			isa = PBXProject;
			attributes = {
				LastUpgradeCheck = 0930;
				ORGANIZATIONNAME = FlyOceanFish;
				TargetAttributes = {
					42A5D16620A56CCE00566691 = {
						CreatedOnToolsVersion = 9.3;
					};
				};
			};
			buildConfigurationList = 42A5D16220A56CCE00566691 /* Build configuration list for PBXProject "TestAnimal" */;
			compatibilityVersion = "Xcode 9.3";
			developmentRegion = en;
			hasScannedForEncodings = 0;
			knownRegions = (
				en,
				Base,
			);
			mainGroup = 42A5D15E20A56CCE00566691;
			productRefGroup = 42A5D16820A56CCE00566691 /* Products */;
			projectDirPath = "";
			projectRoot = "";
			targets = (
				42A5D16620A56CCE00566691 /* TestAnimal */,
			);
		};
/* End PBXProject section */

/* Begin PBXResourcesBuildPhase section */
		42A5D16520A56CCE00566691 /* Resources */ = {
			isa = PBXResourcesBuildPhase;
			buildActionMask = 2147483647;
			files = (
				42A5D17720A56CEA00566691 /* LaunchScreen.storyboard in Resources */,
				42A5D18420A56D7200566691 /* MyTableViewCell.xib in Resources */,
				42A5D17420A56CEA00566691 /* Assets.xcassets in Resources */,
				42A5D17220A56CCE00566691 /* Main.storyboard in Resources */,
				42A5D18920A56E9B00566691 /* SecondViewController.xib in Resources */,
			);
			runOnlyForDeploymentPostprocessing = 0;
		};
/* End PBXResourcesBuildPhase section */

/* Begin PBXSourcesBuildPhase section */
		42A5D16320A56CCE00566691 /* Sources */ = {
			isa = PBXSourcesBuildPhase;
			buildActionMask = 2147483647;
			files = (
				427A3AEA20A92D0D0019D70A /* FullScreenTransiontAnimator.m in Sources */,
				42A5D18820A56E9B00566691 /* SecondViewController.m in Sources */,
				42A5D16F20A56CCE00566691 /* ViewController.m in Sources */,
				42A5D18320A56D7200566691 /* MyTableViewCell.m in Sources */,
				42A5D17A20A56CEA00566691 /* main.m in Sources */,
				42A5D16C20A56CCE00566691 /* AppDelegate.m in Sources */,
			);
			runOnlyForDeploymentPostprocessing = 0;
		};
/* End PBXSourcesBuildPhase section */

/* Begin PBXVariantGroup section */
		42A5D17020A56CCE00566691 /* Main.storyboard */ = {
			isa = PBXVariantGroup;
			children = (
				42A5D17120A56CCE00566691 /* Base */,
			);
			name = Main.storyboard;
			sourceTree = "<group>";
		};
		42A5D17520A56CEA00566691 /* LaunchScreen.storyboard */ = {
			isa = PBXVariantGroup;
			children = (
				42A5D17620A56CEA00566691 /* Base */,
			);
			name = LaunchScreen.storyboard;
			sourceTree = "<group>";
		};
/* End PBXVariantGroup section */

/* Begin XCBuildConfiguration section */
		42A5D17B20A56CEA00566691 /* Debug */ = {
			isa = XCBuildConfiguration;
			buildSettings = {
				ALWAYS_SEARCH_USER_PATHS = NO;
				CLANG_ANALYZER_NONNULL = YES;
				CLANG_ANALYZER_NUMBER_OBJECT_CONVERSION = YES_AGGRESSIVE;
				CLANG_CXX_LANGUAGE_STANDARD = "gnu++14";
				CLANG_CXX_LIBRARY = "libc++";
				CLANG_ENABLE_MODULES = YES;
				CLANG_ENABLE_OBJC_ARC = YES;
				CLANG_ENABLE_OBJC_WEAK = YES;
				CLANG_WARN_BLOCK_CAPTURE_AUTORELEASING = YES;
				CLANG_WARN_BOOL_CONVERSION = YES;
				CLANG_WARN_COMMA = YES;
				CLANG_WARN_CONSTANT_CONVERSION = YES;
				CLANG_WARN_DEPRECATED_OBJC_IMPLEMENTATIONS = YES;
				CLANG_WARN_DIRECT_OBJC_ISA_USAGE = YES_ERROR;
				CLANG_WARN_DOCUMENTATION_COMMENTS = YES;
				CLANG_WARN_EMPTY_BODY = YES;
				CLANG_WARN_ENUM_CONVERSION = YES;
				CLANG_WARN_INFINITE_RECURSION = YES;
				CLANG_WARN_INT_CONVERSION = YES;
				CLANG_WARN_NON_LITERAL_NULL_CONVERSION = YES;
				CLANG_WARN_OBJC_IMPLICIT_RETAIN_SELF = YES;
				CLANG_WARN_OBJC_LITERAL_CONVERSION = YES;
				CLANG_WARN_OBJC_ROOT_CLASS = YES_ERROR;
				CLANG_WARN_RANGE_LOOP_ANALYSIS = YES;
				CLANG_WARN_STRICT_PROTOTYPES = YES;
				CLANG_WARN_SUSPICIOUS_MOVE = YES;
				CLANG_WARN_UNGUARDED_AVAILABILITY = YES_AGGRESSIVE;
				CLANG_WARN_UNREACHABLE_CODE = YES;
				CLANG_WARN__DUPLICATE_METHOD_MATCH = YES;
				CODE_SIGN_IDENTITY = "iPhone Developer";
				COPY_PHASE_STRIP = NO;
				DEBUG_INFORMATION_FORMAT = dwarf;
				ENABLE_STRICT_OBJC_MSGSEND = YES;
				ENABLE_TESTABILITY = YES;
				GCC_C_LANGUAGE_STANDARD = gnu11;
				GCC_DYNAMIC_NO_PIC = NO;
				GCC_NO_COMMON_BLOCKS = YES;
				GCC_OPTIMIZATION_LEVEL = 0;
				GCC_PREPROCESSOR_DEFINITIONS = (
					"DEBUG=1",
					"$(inherited)",
				);
				GCC_WARN_64_TO_32_BIT_CONVERSION = YES;
				GCC_WARN_ABOUT_RETURN_TYPE = YES_ERROR;
				GCC_WARN_UNDECLARED_SELECTOR = YES;
				GCC_WARN_UNINITIALIZED_AUTOS = YES_AGGRESSIVE;
				GCC_WARN_UNUSED_FUNCTION = YES;
				GCC_WARN_UNUSED_VARIABLE = YES;
				IPHONEOS_DEPLOYMENT_TARGET = 11.3;
				MTL_ENABLE_DEBUG_INFO = YES;
				ONLY_ACTIVE_ARCH = YES;
				SDKROOT = iphoneos;
			};
			name = Debug;
		};
		42A5D17C20A56CEA00566691 /* Release */ = {
			isa = XCBuildConfiguration;
			buildSettings = {
				ALWAYS_SEARCH_USER_PATHS = NO;
				CLANG_ANALYZER_NONNULL = YES;
				CLANG_ANALYZER_NUMBER_OBJECT_CONVERSION = YES_AGGRESSIVE;
				CLANG_CXX_LANGUAGE_STANDARD = "gnu++14";
				CLANG_CXX_LIBRARY = "libc++";
				CLANG_ENABLE_MODULES = YES;
				CLANG_ENABLE_OBJC_ARC = YES;
				CLANG_ENABLE_OBJC_WEAK = YES;
				CLANG_WARN_BLOCK_CAPTURE_AUTORELEASING = YES;
				CLANG_WARN_BOOL_CONVERSION = YES;
				CLANG_WARN_COMMA = YES;
				CLANG_WARN_CONSTANT_CONVERSION = YES;
				CLANG_WARN_DEPRECATED_OBJC_IMPLEMENTATIONS = YES;
				CLANG_WARN_DIRECT_OBJC_ISA_USAGE = YES_ERROR;
				CLANG_WARN_DOCUMENTATION_COMMENTS = YES;
				CLANG_WARN_EMPTY_BODY = YES;
				CLANG_WARN_ENUM_CONVERSION = YES;
				CLANG_WARN_INFINITE_RECURSION = YES;
				CLANG_WARN_INT_CONVERSION = YES;
				CLANG_WARN_NON_LITERAL_NULL_CONVERSION = YES;
				CLANG_WARN_OBJC_IMPLICIT_RETAIN_SELF = YES;
				CLANG_WARN_OBJC_LITERAL_CONVERSION = YES;
				CLANG_WARN_OBJC_ROOT_CLASS = YES_ERROR;
				CLANG_WARN_RANGE_LOOP_ANALYSIS = YES;
				CLANG_WARN_STRICT_PROTOTYPES = YES;
				CLANG_WARN_SUSPICIOUS_MOVE = YES;
				CLANG_WARN_UNGUARDED_AVAILABILITY = YES_AGGRESSIVE;
				CLANG_WARN_UNREACHABLE_CODE = YES;
				CLANG_WARN__DUPLICATE_METHOD_MATCH = YES;
				CODE_SIGN_IDENTITY = "iPhone Developer";
				COPY_PHASE_STRIP = NO;
				DEBUG_INFORMATION_FORMAT = "dwarf-with-dsym";
				ENABLE_NS_ASSERTIONS = NO;
				ENABLE_STRICT_OBJC_MSGSEND = YES;
				GCC_C_LANGUAGE_STANDARD = gnu11;
				GCC_NO_COMMON_BLOCKS = YES;
				GCC_WARN_64_TO_32_BIT_CONVERSION = YES;
				GCC_WARN_ABOUT_RETURN_TYPE = YES_ERROR;
				GCC_WARN_UNDECLARED_SELECTOR = YES;
				GCC_WARN_UNINITIALIZED_AUTOS = YES_AGGRESSIVE;
				GCC_WARN_UNUSED_FUNCTION = YES;
				GCC_WARN_UNUSED_VARIABLE = YES;
				IPHONEOS_DEPLOYMENT_TARGET = 11.3;
				MTL_ENABLE_DEBUG_INFO = NO;
				SDKROOT = iphoneos;
				VALIDATE_PRODUCT = YES;
			};
			name = Release;
		};
		42A5D17E20A56CEA00566691 /* Debug */ = {
			isa = XCBuildConfiguration;
			buildSettings = {
				ASSETCATALOG_COMPILER_APPICON_NAME = AppIcon;
				CODE_SIGN_STYLE = Automatic;
				DEVELOPMENT_TEAM = EC23THMNG7;
				INFOPLIST_FILE = TestAnimal/Info.plist;
				IPHONEOS_DEPLOYMENT_TARGET = 10.1;
				LD_RUNPATH_SEARCH_PATHS = (
					"$(inherited)",
					"@executable_path/Frameworks",
				);
				PRODUCT_BUNDLE_IDENTIFIER = com.fof.TestAnimal;
				PRODUCT_NAME = "$(TARGET_NAME)";
				TARGETED_DEVICE_FAMILY = "1,2";
			};
			name = Debug;
		};
		42A5D17F20A56CEA00566691 /* Release */ = {
			isa = XCBuildConfiguration;
			buildSettings = {
				ASSETCATALOG_COMPILER_APPICON_NAME = AppIcon;
				CODE_SIGN_STYLE = Automatic;
				DEVELOPMENT_TEAM = EC23THMNG7;
				INFOPLIST_FILE = TestAnimal/Info.plist;
				IPHONEOS_DEPLOYMENT_TARGET = 10.1;
				LD_RUNPATH_SEARCH_PATHS = (
					"$(inherited)",
					"@executable_path/Frameworks",
				);
				PRODUCT_BUNDLE_IDENTIFIER = com.fof.TestAnimal;
				PRODUCT_NAME = "$(TARGET_NAME)";
				TARGETED_DEVICE_FAMILY = "1,2";
			};
			name = Release;
		};
/* End XCBuildConfiguration section */

/* Begin XCConfigurationList section */
		42A5D16220A56CCE00566691 /* Build configuration list for PBXProject "TestAnimal" */ = {
			isa = XCConfigurationList;
			buildConfigurations = (
				42A5D17B20A56CEA00566691 /* Debug */,
				42A5D17C20A56CEA00566691 /* Release */,
			);
			defaultConfigurationIsVisible = 0;
			defaultConfigurationName = Release;
		};
		42A5D17D20A56CEA00566691 /* Build configuration list for PBXNativeTarget "TestAnimal" */ = {
			isa = XCConfigurationList;
			buildConfigurations = (
				42A5D17E20A56CEA00566691 /* Debug */,
				42A5D17F20A56CEA00566691 /* Release */,
			);
			defaultConfigurationIsVisible = 0;
			defaultConfigurationName = Release;
		};
/* End XCConfigurationList section */
	};
	rootObject = 42A5D15F20A56CCE00566691 /* Project object */;
}
